
Microsoft Visual Studio Solution File, Format Version 12.00
# Visual Studio 15
VisualStudioVersion = 15.0.28010.2026
MinimumVisualStudioVersion = 10.0.40219.1
Project("{FAE04EC0-301F-11D3-BF4B-00C04F79EFBC}") = "300954759(Kim)_300825160(Perroni)_Client", "300954759(Kim)_300825160(Perroni)_Client\300954759(Kim)_300825160(Perroni)_Client.csproj", "{A123682B-1BB3-4281-9E6F-E224A60A82E3}"
EndProject
Global
	GlobalSection(SolutionConfigurationPlatforms) = preSolution
		Debug|Any CPU = Debug|Any CPU
		Release|Any CPU = Release|Any CPU
	EndGlobalSection
	GlobalSection(ProjectConfigurationPlatforms) = postSolution
		{A123682B-1BB3-4281-9E6F-E224A60A82E3}.Debug|Any CPU.ActiveCfg = Debug|Any CPU
		{A123682B-1BB3-4281-9E6F-E224A60A82E3}.Debug|Any CPU.Build.0 = Debug|Any CPU
		{A123682B-1BB3-4281-9E6F-E224A60A82E3}.Release|Any CPU.ActiveCfg = Release|Any CPU
		{A123682B-1BB3-4281-9E6F-E224A60A82E3}.Release|Any CPU.Build.0 = Release|Any CPU
	EndGlobalSection
	GlobalSection(SolutionProperties) = preSolution
		HideSolutionNode = FALSE
	EndGlobalSection
	GlobalSection(ExtensibilityGlobals) = postSolution
		SolutionGuid = {45A78B57-880A-4665-943B-3A5973F0A94E}
	EndGlobalSection
EndGlobal
